<?xml version="1.0" encoding="utf-8"?>
<Project ToolsVersion="4.0" xmlns="http://schemas.microsoft.com/developer/msbuild/2003">
  <ItemGroup>
    <Filter Include="Source Files">
      <UniqueIdentifier>{4FC737F1-C7A5-4376-A066-2A32D752A2FF}</UniqueIdentifier>
      <Extensions>cpp;c;cc;cxx;def;odl;idl;hpj;bat;asm;asmx</Extensions>
    </Filter>
    <Filter Include="Header Files">
      <UniqueIdentifier>{93995380-89BD-4b04-88EB-625FBE52EBFB}</UniqueIdentifier>
      <Extensions>h;hpp;hxx;hm;inl;inc;xsd</Extensions>
    </Filter>
    <Filter Include="Resource Files">
      <UniqueIdentifier>{67DA6AB6-F800-4c08-8B7A-83BB121AAD01}</UniqueIdentifier>
      <Extensions>rc;ico;cur;bmp;dlg;rc2;rct;bin;rgs;gif;jpg;jpeg;jpe;resx;tiff;tif;png;wav;mfcribbon-ms</Extensions>
    </Filter>
    <Filter Include="Header Files\Scene">
      <UniqueIdentifier>{a72a4226-01f1-495a-b912-4dc2b42abf70}</UniqueIdentifier>
    </Filter>
    <Filter Include="Source Files\Scene">
      <UniqueIdentifier>{6cd71ffd-d07c-4866-bd8b-8ddce06c02fd}</UniqueIdentifier>
    </Filter>
    <Filter Include="Header Files\Resource">
      <UniqueIdentifier>{d6747830-a066-4ad8-b4fa-8a0f0d0fdbe1}</UniqueIdentifier>
    </Filter>
    <Filter Include="Source Files\Resource">
      <UniqueIdentifier>{ec972513-0079-4003-8127-2b165cd36384}</UniqueIdentifier>
    </Filter>
    <Filter Include="Header Files\Logger">
      <UniqueIdentifier>{a336c4b2-58aa-4c0c-9303-3bfb4794e6c2}</UniqueIdentifier>
    </Filter>
    <Filter Include="Header Files\Window">
      <UniqueIdentifier>{9440ae24-8ec7-4fc2-8ab7-939f7294c197}</UniqueIdentifier>
    </Filter>
    <Filter Include="Header Files\Kernel">
      <UniqueIdentifier>{63013d83-ca13-43f5-bb5d-bd24923f4bc4}</UniqueIdentifier>
    </Filter>
    <Filter Include="Source Files\Logger">
      <UniqueIdentifier>{0207c847-60e0-442d-9d4f-263718bb6b0f}</UniqueIdentifier>
    </Filter>
    <Filter Include="Source Files\Window">
      <UniqueIdentifier>{70ad0f97-78ba-4262-a190-4e109c91e1cd}</UniqueIdentifier>
    </Filter>
    <Filter Include="Source Files\Kernel">
      <UniqueIdentifier>{81574f65-14a2-4cbe-b9ed-106b52215e3c}</UniqueIdentifier>
    </Filter>
    <Filter Include="Header Files\ResourceLoader">
      <UniqueIdentifier>{50b4c3c5-e89c-46a5-97af-f8ea2f699e42}</UniqueIdentifier>
    </Filter>
    <Filter Include="Source Files\ResourceLoader">
      <UniqueIdentifier>{896d8cd9-53d8-476f-8c52-e0d5ea84bdd4}</UniqueIdentifier>
    </Filter>
    <Filter Include="Header Files\Renderer">
      <UniqueIdentifier>{e3af4fb8-3682-4f23-b3b8-82e00a155394}</UniqueIdentifier>
    </Filter>
    <Filter Include="Source Files\Renderer">
      <UniqueIdentifier>{4d5d77c4-4d6f-4185-bcac-2545511843a5}</UniqueIdentifier>
    </Filter>
    <Filter Include="Header Files\Input">
      <UniqueIdentifier>{986b14f1-7b32-49a0-8e0e-66b7a97a6934}</UniqueIdentifier>
    </Filter>
    <Filter Include="Source Files\Input">
      <UniqueIdentifier>{ba43fe5a-8420-4eae-819e-e013e67f8457}</UniqueIdentifier>
    </Filter>
  </ItemGroup>
  <ItemGroup>
    <ClCompile Include="EntityModel.cpp">
      <Filter>Source Files\Scene</Filter>
    </ClCompile>
    <ClCompile Include="EntityCamera.cpp">
      <Filter>Source Files\Scene</Filter>
    </ClCompile>
    <ClCompile Include="Scene.cpp">
      <Filter>Source Files\Scene</Filter>
    </ClCompile>
    <ClCompile Include="SkyBox.cpp">
      <Filter>Source Files\Scene</Filter>
    </ClCompile>
    <ClCompile Include="Terrain.cpp">
      <Filter>Source Files\Scene</Filter>
    </ClCompile>
    <ClCompile Include="ResourceHeightmap.cpp">
      <Filter>Source Files\Resource</Filter>
    </ClCompile>
    <ClCompile Include="ResourceModel.cpp">
      <Filter>Source Files\Resource</Filter>
    </ClCompile>
    <ClCompile Include="ResourceTexture.cpp">
      <Filter>Source Files\Resource</Filter>
    </ClCompile>
    <ClCompile Include="LogManager.cpp">
      <Filter>Source Files\Logger</Filter>
    </ClCompile>
    <ClCompile Include="LogMessage.cpp">
      <Filter>Source Files\Logger</Filter>
    </ClCompile>
    <ClCompile Include="Window.cpp">
      <Filter>Source Files\Window</Filter>
    </ClCompile>
    <ClCompile Include="Game.cpp">
      <Filter>Source Files</Filter>
    </ClCompile>
    <ClCompile Include="Kernel.cpp">
      <Filter>Source Files\Kernel</Filter>
    </ClCompile>
    <ClCompile Include="WindowManager.cpp">
      <Filter>Source Files\Window</Filter>
    </ClCompile>
    <ClCompile Include="Timer.cpp">
      <Filter>Source Files\Kernel</Filter>
    </ClCompile>
    <ClCompile Include="ResourceManager.cpp">
      <Filter>Source Files\Resource</Filter>
    </ClCompile>
    <ClCompile Include="ResourceTextureLoader.cpp">
      <Filter>Source Files\ResourceLoader</Filter>
    </ClCompile>
    <ClCompile Include="ResourceDXTextureLoader.cpp">
      <Filter>Source Files\ResourceLoader</Filter>
    </ClCompile>
    <ClCompile Include="ResourceModelLoader.cpp">
      <Filter>Source Files\ResourceLoader</Filter>
    </ClCompile>
    <ClCompile Include="ResourceDXModelLoader.cpp">
      <Filter>Source Files\ResourceLoader</Filter>
    </ClCompile>
    <ClCompile Include="ResourceHeightmapLoader.cpp">
      <Filter>Source Files\ResourceLoader</Filter>
    </ClCompile>
    <ClCompile Include="DXRenderer.cpp">
      <Filter>Source Files\Renderer</Filter>
    </ClCompile>
    <ClCompile Include="ResourceDXHeightmapLoader.cpp">
      <Filter>Source Files\ResourceLoader</Filter>
    </ClCompile>
    <ClCompile Include="Renderer.cpp">
      <Filter>Source Files\Renderer</Filter>
    </ClCompile>
    <ClCompile Include="SceneManager.cpp">
      <Filter>Source Files\Scene</Filter>
    </ClCompile>
    <ClCompile Include="Entity.cpp">
      <Filter>Source Files\Scene</Filter>
	</ClCompile>
    <ClCompile Include="InputKeyboard.cpp">
      <Filter>Source Files\Input</Filter>
    </ClCompile>
  </ItemGroup>
  <ItemGroup>
    <ClInclude Include="Entity.h">
      <Filter>Header Files\Scene</Filter>
    </ClInclude>
    <ClInclude Include="Scene.h">
      <Filter>Header Files\Scene</Filter>
    </ClInclude>
    <ClInclude Include="SkyBox.h">
      <Filter>Header Files\Scene</Filter>
    </ClInclude>
    <ClInclude Include="Terrain.h">
      <Filter>Header Files\Scene</Filter>
    </ClInclude>
    <ClInclude Include="EntityCamera.h">
      <Filter>Header Files\Scene</Filter>
    </ClInclude>
    <ClInclude Include="EntityModel.h">
      <Filter>Header Files\Scene</Filter>
    </ClInclude>
    <ClInclude Include="LogLevel.h">
      <Filter>Header Files\Logger</Filter>
    </ClInclude>
    <ClInclude Include="LogManager.h">
      <Filter>Header Files\Logger</Filter>
    </ClInclude>
    <ClInclude Include="LogMessage.h">
      <Filter>Header Files\Logger</Filter>
    </ClInclude>
    <ClInclude Include="ResourceHeightmap.h">
      <Filter>Header Files\Resource</Filter>
    </ClInclude>
    <ClInclude Include="ResourceModel.h">
      <Filter>Header Files\Resource</Filter>
    </ClInclude>
    <ClInclude Include="ResourceTexture.h">
      <Filter>Header Files\Resource</Filter>
    </ClInclude>
    <ClInclude Include="WindowManager.h">
      <Filter>Header Files\Window</Filter>
    </ClInclude>
    <ClInclude Include="SceneManager.h">
      <Filter>Header Files\Scene</Filter>
    </ClInclude>
    <ClInclude Include="ResourceManager.h">
      <Filter>Header Files\Resource</Filter>
    </ClInclude>
    <ClInclude Include="Kernel.h">
      <Filter>Header Files\Kernel</Filter>
    </ClInclude>
    <ClInclude Include="Window.h">
      <Filter>Header Files\Window</Filter>
    </ClInclude>
    <ClInclude Include="Game.h">
      <Filter>Header Files</Filter>
    </ClInclude>
    <ClInclude Include="Timer.h">
      <Filter>Header Files\Kernel</Filter>
    </ClInclude>
    <ClInclude Include="ResourceTextureLoader.h">
      <Filter>Header Files\ResourceLoader</Filter>
    </ClInclude>
    <ClInclude Include="ResourceDXTextureLoader.h">
      <Filter>Header Files\ResourceLoader</Filter>
    </ClInclude>
    <ClInclude Include="ResourceModelLoader.h">
      <Filter>Header Files\ResourceLoader</Filter>
    </ClInclude>
    <ClInclude Include="ResourceDXModelLoader.h">
      <Filter>Header Files\ResourceLoader</Filter>
    </ClInclude>
    <ClInclude Include="ResourceHeightmapLoader.h">
      <Filter>Header Files\ResourceLoader</Filter>
    </ClInclude>
    <ClInclude Include="Renderer.h">
      <Filter>Header Files\Renderer</Filter>
    </ClInclude>
    <ClInclude Include="DXRenderer.h">
      <Filter>Header Files\Renderer</Filter>
    </ClInclude>
    <ClInclude Include="ResourceDXHeightmapLoader.h">
      <Filter>Header Files\ResourceLoader</Filter>
    </ClInclude>
    <ClInclude Include="Vertex.h">
      <Filter>Header Files</Filter>
    </ClInclude>
    <ClInclude Include="Updatable.h">
      <Filter>Header Files</Filter>
    </ClInclude>
    <ClInclude Include="Renderable.h">
      <Filter>Header Files</Filter>
    </ClInclude>
    <ClInclude Include="InputKeyboard.h">
      <Filter>Header Files\Input</Filter>
    </ClInclude>
  </ItemGroup>
</Project>